
Microsoft Visual Studio Solution File, Format Version 12.00
# Visual Studio 15
VisualStudioVersion = 15.0.27703.2042
MinimumVisualStudioVersion = 10.0.40219.1
Project("{FAE04EC0-301F-11D3-BF4B-00C04F79EFBC}") = "AsyncTcpClient", "AsyncTcpClient\AsyncTcpClient.csproj", "{BDAA13CD-87FD-48A6-BF39-D0E65ABFCBE0}"
EndProject
Project("{FAE04EC0-301F-11D3-BF4B-00C04F79EFBC}") = "UnitTestProject1", "UnitTestProject1\UnitTestProject1.csproj", "{AE13B6EC-36FD-4D6A-8EC4-37ED8F204602}"
EndProject
Global
	GlobalSection(SolutionConfigurationPlatforms) = preSolution
		Debug|Any CPU = Debug|Any CPU
		Release|Any CPU = Release|Any CPU
	EndGlobalSection
	GlobalSection(ProjectConfigurationPlatforms) = postSolution
		{BDAA13CD-87FD-48A6-BF39-D0E65ABFCBE0}.Debug|Any CPU.ActiveCfg = Debug|Any CPU
		{BDAA13CD-87FD-48A6-BF39-D0E65ABFCBE0}.Debug|Any CPU.Build.0 = Debug|Any CPU
		{BDAA13CD-87FD-48A6-BF39-D0E65ABFCBE0}.Release|Any CPU.ActiveCfg = Release|Any CPU
		{BDAA13CD-87FD-48A6-BF39-D0E65ABFCBE0}.Release|Any CPU.Build.0 = Release|Any CPU
		{AE13B6EC-36FD-4D6A-8EC4-37ED8F204602}.Debug|Any CPU.ActiveCfg = Debug|Any CPU
		{AE13B6EC-36FD-4D6A-8EC4-37ED8F204602}.Debug|Any CPU.Build.0 = Debug|Any CPU
		{AE13B6EC-36FD-4D6A-8EC4-37ED8F204602}.Release|Any CPU.ActiveCfg = Release|Any CPU
		{AE13B6EC-36FD-4D6A-8EC4-37ED8F204602}.Release|Any CPU.Build.0 = Release|Any CPU
	EndGlobalSection
	GlobalSection(SolutionProperties) = preSolution
		HideSolutionNode = FALSE
	EndGlobalSection
	GlobalSection(ExtensibilityGlobals) = postSolution
		SolutionGuid = {30711BCF-49B1-4CD3-9F1A-3943DAE70F52}
	EndGlobalSection
EndGlobal
