
Microsoft Visual Studio Solution File, Format Version 12.00
# Visual Studio Version 16
VisualStudioVersion = 16.0.30523.141
MinimumVisualStudioVersion = 10.0.40219.1
Project("{9A19103F-16F7-4668-BE54-9A1E7A4F7556}") = "AsyncTcpClient", "AsyncTcpClient\AsyncTcpClient.csproj", "{BDAA13CD-87FD-48A6-BF39-D0E65ABFCBE0}"
EndProject
Project("{9A19103F-16F7-4668-BE54-9A1E7A4F7556}") = "AsyncTcpClient.Tests", "AsyncTcpClient.Tests\AsyncTcpClient.Tests.csproj", "{AE13B6EC-36FD-4D6A-8EC4-37ED8F204602}"
EndProject
Project("{9A19103F-16F7-4668-BE54-9A1E7A4F7556}") = "AsyncTcpClientDemo", "AsyncTcpClientDemo\AsyncTcpClientDemo.csproj", "{9016552A-2AA1-4590-80EC-1B291E6A014C}"
EndProject
Global
	GlobalSection(SolutionConfigurationPlatforms) = preSolution
		Debug|Any CPU = Debug|Any CPU
		Release|Any CPU = Release|Any CPU
	EndGlobalSection
	GlobalSection(ProjectConfigurationPlatforms) = postSolution
		{BDAA13CD-87FD-48A6-BF39-D0E65ABFCBE0}.Debug|Any CPU.ActiveCfg = Debug|Any CPU
		{BDAA13CD-87FD-48A6-BF39-D0E65ABFCBE0}.Debug|Any CPU.Build.0 = Debug|Any CPU
		{BDAA13CD-87FD-48A6-BF39-D0E65ABFCBE0}.Release|Any CPU.ActiveCfg = Release|Any CPU
		{BDAA13CD-87FD-48A6-BF39-D0E65ABFCBE0}.Release|Any CPU.Build.0 = Release|Any CPU
		{AE13B6EC-36FD-4D6A-8EC4-37ED8F204602}.Debug|Any CPU.ActiveCfg = Debug|Any CPU
		{AE13B6EC-36FD-4D6A-8EC4-37ED8F204602}.Debug|Any CPU.Build.0 = Debug|Any CPU
		{AE13B6EC-36FD-4D6A-8EC4-37ED8F204602}.Release|Any CPU.ActiveCfg = Release|Any CPU
		{AE13B6EC-36FD-4D6A-8EC4-37ED8F204602}.Release|Any CPU.Build.0 = Release|Any CPU
		{9016552A-2AA1-4590-80EC-1B291E6A014C}.Debug|Any CPU.ActiveCfg = Debug|Any CPU
		{9016552A-2AA1-4590-80EC-1B291E6A014C}.Debug|Any CPU.Build.0 = Debug|Any CPU
		{9016552A-2AA1-4590-80EC-1B291E6A014C}.Release|Any CPU.ActiveCfg = Release|Any CPU
		{9016552A-2AA1-4590-80EC-1B291E6A014C}.Release|Any CPU.Build.0 = Release|Any CPU
	EndGlobalSection
	GlobalSection(SolutionProperties) = preSolution
		HideSolutionNode = FALSE
	EndGlobalSection
	GlobalSection(ExtensibilityGlobals) = postSolution
		SolutionGuid = {30711BCF-49B1-4CD3-9F1A-3943DAE70F52}
	EndGlobalSection
EndGlobal
